
Microsoft Visual Studio Solution File, Format Version 12.00
# Visual Studio Version 17
VisualStudioVersion = 17.14.36908.2 d17.14
MinimumVisualStudioVersion = 10.0.40219.1
Project("{FAE04EC0-301F-11D3-BF4B-00C04F79EFBC}") = "ChinesePatch", "ChinesePatch.csproj", "{D96FA692-8679-4E05-B47C-C6550F21AA67}"
EndProject
Global
	GlobalSection(SolutionConfigurationPlatforms) = preSolution
		Debug|Any CPU = Debug|Any CPU
		Release|Any CPU = Release|Any CPU
	EndGlobalSection
	GlobalSection(ProjectConfigurationPlatforms) = postSolution
		{D96FA692-8679-4E05-B47C-C6550F21AA67}.Debug|Any CPU.ActiveCfg = Debug|Any CPU
		{D96FA692-8679-4E05-B47C-C6550F21AA67}.Debug|Any CPU.Build.0 = Debug|Any CPU
		{D96FA692-8679-4E05-B47C-C6550F21AA67}.Release|Any CPU.ActiveCfg = Release|Any CPU
		{D96FA692-8679-4E05-B47C-C6550F21AA67}.Release|Any CPU.Build.0 = Release|Any CPU
	EndGlobalSection
	GlobalSection(SolutionProperties) = preSolution
		HideSolutionNode = FALSE
	EndGlobalSection
	GlobalSection(ExtensibilityGlobals) = postSolution
		SolutionGuid = {684158C2-A87D-4953-ADA6-1F7E051A7DEC}
	EndGlobalSection
EndGlobal
